
Microsoft Visual Studio Solution File, Format Version 12.00
# Visual Studio Version 17
VisualStudioVersion = 17.8.34511.84
MinimumVisualStudioVersion = 10.0.40219.1
Project("{FAE04EC0-301F-11D3-BF4B-00C04F79EFBC}") = "PassionProject2024", "PassionProject2024\PassionProject2024.csproj", "{5F2B9217-2EBE-4A19-B151-E9C414FB27D8}"
EndProject
Global
	GlobalSection(SolutionConfigurationPlatforms) = preSolution
		Debug|Any CPU = Debug|Any CPU
		Release|Any CPU = Release|Any CPU
	EndGlobalSection
	GlobalSection(ProjectConfigurationPlatforms) = postSolution
		{5F2B9217-2EBE-4A19-B151-E9C414FB27D8}.Debug|Any CPU.ActiveCfg = Debug|Any CPU
		{5F2B9217-2EBE-4A19-B151-E9C414FB27D8}.Debug|Any CPU.Build.0 = Debug|Any CPU
		{5F2B9217-2EBE-4A19-B151-E9C414FB27D8}.Release|Any CPU.ActiveCfg = Release|Any CPU
		{5F2B9217-2EBE-4A19-B151-E9C414FB27D8}.Release|Any CPU.Build.0 = Release|Any CPU
	EndGlobalSection
	GlobalSection(SolutionProperties) = preSolution
		HideSolutionNode = FALSE
	EndGlobalSection
	GlobalSection(ExtensibilityGlobals) = postSolution
		SolutionGuid = {BBD26CF2-C3E4-47DC-BA85-7FD384D0383D}
	EndGlobalSection
EndGlobal
